// !$*UTF8*$!
{
	archiveVersion = 1;
	classes = {
	};
	objectVersion = 46;
	objects = {

/* Begin PBXBuildFile section */
		9F106EE01857814E009BD48F /* ListaContatosViewController.m in Sources */ = {isa = PBXBuildFile; fileRef = 9F106EDF1857814E009BD48F /* ListaContatosViewController.m */; };
		9F534DAA18574CB300BC1D78 /* Contato.m in Sources */ = {isa = PBXBuildFile; fileRef = 9F534DA918574CB300BC1D78 /* Contato.m */; };
		9F9EF811185A24AC0055B850 /* Default.png in Resources */ = {isa = PBXBuildFile; fileRef = 9FF7139118572E2F0018AF2D /* Default.png */; };
		9F9EF812185A24B10055B850 /* Default@2x.png in Resources */ = {isa = PBXBuildFile; fileRef = 9FF7139318572E2F0018AF2D /* Default@2x.png */; };
		9F9EF81A185A24F30055B850 /* gps.png in Resources */ = {isa = PBXBuildFile; fileRef = 9F9EF813185A24F20055B850 /* gps.png */; };
		9F9EF81B185A24F30055B850 /* gps@2x.png in Resources */ = {isa = PBXBuildFile; fileRef = 9F9EF814185A24F20055B850 /* gps@2x.png */; };
		9F9EF81C185A24F30055B850 /* lista-contatos.png in Resources */ = {isa = PBXBuildFile; fileRef = 9F9EF815185A24F20055B850 /* lista-contatos.png */; };
		9F9EF81D185A24F30055B850 /* lista-contatos@2x.png in Resources */ = {isa = PBXBuildFile; fileRef = 9F9EF816185A24F20055B850 /* lista-contatos@2x.png */; };
		9F9EF81E185A24F30055B850 /* mapa-contatos.png in Resources */ = {isa = PBXBuildFile; fileRef = 9F9EF817185A24F30055B850 /* mapa-contatos.png */; };
		9F9EF81F185A24F30055B850 /* mapa-contatos@2x.png in Resources */ = {isa = PBXBuildFile; fileRef = 9F9EF818185A24F30055B850 /* mapa-contatos@2x.png */; };
		9F9EF820185A24F30055B850 /* Vila Mariana.gpx in Resources */ = {isa = PBXBuildFile; fileRef = 9F9EF819185A24F30055B850 /* Vila Mariana.gpx */; };
		9F9EF823185A260B0055B850 /* Caelum-Prefix.pch in Resources */ = {isa = PBXBuildFile; fileRef = 9FF7138D18572E2F0018AF2D /* Caelum-Prefix.pch */; };
		9F9EF824185A260F0055B850 /* main.m in Resources */ = {isa = PBXBuildFile; fileRef = 9FF7138B18572E2F0018AF2D /* main.m */; };
		9F9EF826185A28830055B850 /* apple-touch-icon-57x57-precomposed.png in Resources */ = {isa = PBXBuildFile; fileRef = 9F9EF825185A28830055B850 /* apple-touch-icon-57x57-precomposed.png */; };
		9FE8B20F1859F16B00322252 /* MessageUI.framework in Frameworks */ = {isa = PBXBuildFile; fileRef = 9FE8B20E1859F16B00322252 /* MessageUI.framework */; };
		9FE8B213185A1DC600322252 /* ContatosMapaViewController.m in Sources */ = {isa = PBXBuildFile; fileRef = 9FE8B211185A1DC600322252 /* ContatosMapaViewController.m */; };
		9FE8B214185A1DC600322252 /* ContatosMapaViewController.xib in Resources */ = {isa = PBXBuildFile; fileRef = 9FE8B212185A1DC600322252 /* ContatosMapaViewController.xib */; };
		9FE8B216185A1F3000322252 /* MapKit.framework in Frameworks */ = {isa = PBXBuildFile; fileRef = 9FE8B215185A1F3000322252 /* MapKit.framework */; };
		9FF7138018572E2F0018AF2D /* UIKit.framework in Frameworks */ = {isa = PBXBuildFile; fileRef = 9FF7137F18572E2F0018AF2D /* UIKit.framework */; };
		9FF7138218572E2F0018AF2D /* Foundation.framework in Frameworks */ = {isa = PBXBuildFile; fileRef = 9FF7138118572E2F0018AF2D /* Foundation.framework */; };
		9FF7138418572E2F0018AF2D /* CoreGraphics.framework in Frameworks */ = {isa = PBXBuildFile; fileRef = 9FF7138318572E2F0018AF2D /* CoreGraphics.framework */; };
		9FF7138A18572E2F0018AF2D /* InfoPlist.strings in Resources */ = {isa = PBXBuildFile; fileRef = 9FF7138818572E2F0018AF2D /* InfoPlist.strings */; };
		9FF7138C18572E2F0018AF2D /* main.m in Sources */ = {isa = PBXBuildFile; fileRef = 9FF7138B18572E2F0018AF2D /* main.m */; };
		9FF7139018572E2F0018AF2D /* AppDelegate.m in Sources */ = {isa = PBXBuildFile; fileRef = 9FF7138F18572E2F0018AF2D /* AppDelegate.m */; };
		9FF7139618572E2F0018AF2D /* Default-568h@2x.png in Resources */ = {isa = PBXBuildFile; fileRef = 9FF7139518572E2F0018AF2D /* Default-568h@2x.png */; };
		9FF7139F185734AF0018AF2D /* FormularioContatoViewController.m in Sources */ = {isa = PBXBuildFile; fileRef = 9FF7139D185734AF0018AF2D /* FormularioContatoViewController.m */; };
		9FF713A0185734AF0018AF2D /* FormularioContatoViewController.xib in Resources */ = {isa = PBXBuildFile; fileRef = 9FF7139E185734AF0018AF2D /* FormularioContatoViewController.xib */; };
/* End PBXBuildFile section */

/* Begin PBXFileReference section */
		9F106EDE1857814E009BD48F /* ListaContatosViewController.h */ = {isa = PBXFileReference; fileEncoding = 4; lastKnownFileType = sourcecode.c.h; path = ListaContatosViewController.h; sourceTree = "<group>"; };
		9F106EDF1857814E009BD48F /* ListaContatosViewController.m */ = {isa = PBXFileReference; fileEncoding = 4; lastKnownFileType = sourcecode.c.objc; path = ListaContatosViewController.m; sourceTree = "<group>"; };
		9F534DA818574CB300BC1D78 /* Contato.h */ = {isa = PBXFileReference; fileEncoding = 4; lastKnownFileType = sourcecode.c.h; path = Contato.h; sourceTree = "<group>"; };
		9F534DA918574CB300BC1D78 /* Contato.m */ = {isa = PBXFileReference; fileEncoding = 4; lastKnownFileType = sourcecode.c.objc; path = Contato.m; sourceTree = "<group>"; };
		9F9EF813185A24F20055B850 /* gps.png */ = {isa = PBXFileReference; lastKnownFileType = image.png; path = gps.png; sourceTree = "<group>"; };
		9F9EF814185A24F20055B850 /* gps@2x.png */ = {isa = PBXFileReference; lastKnownFileType = image.png; path = "gps@2x.png"; sourceTree = "<group>"; };
		9F9EF815185A24F20055B850 /* lista-contatos.png */ = {isa = PBXFileReference; lastKnownFileType = image.png; path = "lista-contatos.png"; sourceTree = "<group>"; };
		9F9EF816185A24F20055B850 /* lista-contatos@2x.png */ = {isa = PBXFileReference; lastKnownFileType = image.png; path = "lista-contatos@2x.png"; sourceTree = "<group>"; };
		9F9EF817185A24F30055B850 /* mapa-contatos.png */ = {isa = PBXFileReference; lastKnownFileType = image.png; path = "mapa-contatos.png"; sourceTree = "<group>"; };
		9F9EF818185A24F30055B850 /* mapa-contatos@2x.png */ = {isa = PBXFileReference; lastKnownFileType = image.png; path = "mapa-contatos@2x.png"; sourceTree = "<group>"; };
		9F9EF819185A24F30055B850 /* Vila Mariana.gpx */ = {isa = PBXFileReference; lastKnownFileType = text.xml; path = "Vila Mariana.gpx"; sourceTree = "<group>"; };
		9F9EF825185A28830055B850 /* apple-touch-icon-57x57-precomposed.png */ = {isa = PBXFileReference; lastKnownFileType = image.png; path = "apple-touch-icon-57x57-precomposed.png"; sourceTree = "<group>"; };
		9F9EF827185A28A00055B850 /* apple-touch-icon-57x57-precomposed.png */ = {isa = PBXFileReference; lastKnownFileType = image.png; name = "apple-touch-icon-57x57-precomposed.png"; path = "../apple-touch-icon-57x57-precomposed.png"; sourceTree = "<group>"; };
		9FA1C6C81858E034006391DF /* FormularioContatoViewControllerDelegate.h */ = {isa = PBXFileReference; lastKnownFileType = sourcecode.c.h; path = FormularioContatoViewControllerDelegate.h; sourceTree = "<group>"; };
		9FE8B20E1859F16B00322252 /* MessageUI.framework */ = {isa = PBXFileReference; lastKnownFileType = wrapper.framework; name = MessageUI.framework; path = System/Library/Frameworks/MessageUI.framework; sourceTree = SDKROOT; };
		9FE8B210185A1DC600322252 /* ContatosMapaViewController.h */ = {isa = PBXFileReference; fileEncoding = 4; lastKnownFileType = sourcecode.c.h; path = ContatosMapaViewController.h; sourceTree = "<group>"; };
		9FE8B211185A1DC600322252 /* ContatosMapaViewController.m */ = {isa = PBXFileReference; fileEncoding = 4; lastKnownFileType = sourcecode.c.objc; path = ContatosMapaViewController.m; sourceTree = "<group>"; };
		9FE8B212185A1DC600322252 /* ContatosMapaViewController.xib */ = {isa = PBXFileReference; fileEncoding = 4; lastKnownFileType = file.xib; path = ContatosMapaViewController.xib; sourceTree = "<group>"; };
		9FE8B215185A1F3000322252 /* MapKit.framework */ = {isa = PBXFileReference; lastKnownFileType = wrapper.framework; name = MapKit.framework; path = System/Library/Frameworks/MapKit.framework; sourceTree = SDKROOT; };
		9FF7137C18572E2F0018AF2D /* Caelum.app */ = {isa = PBXFileReference; explicitFileType = wrapper.application; includeInIndex = 0; path = Caelum.app; sourceTree = BUILT_PRODUCTS_DIR; };
		9FF7137F18572E2F0018AF2D /* UIKit.framework */ = {isa = PBXFileReference; lastKnownFileType = wrapper.framework; name = UIKit.framework; path = System/Library/Frameworks/UIKit.framework; sourceTree = SDKROOT; };
		9FF7138118572E2F0018AF2D /* Foundation.framework */ = {isa = PBXFileReference; lastKnownFileType = wrapper.framework; name = Foundation.framework; path = System/Library/Frameworks/Foundation.framework; sourceTree = SDKROOT; };
		9FF7138318572E2F0018AF2D /* CoreGraphics.framework */ = {isa = PBXFileReference; lastKnownFileType = wrapper.framework; name = CoreGraphics.framework; path = System/Library/Frameworks/CoreGraphics.framework; sourceTree = SDKROOT; };
		9FF7138718572E2F0018AF2D /* Caelum-Info.plist */ = {isa = PBXFileReference; lastKnownFileType = text.plist.xml; path = "Caelum-Info.plist"; sourceTree = "<group>"; };
		9FF7138918572E2F0018AF2D /* en */ = {isa = PBXFileReference; lastKnownFileType = text.plist.strings; name = en; path = en.lproj/InfoPlist.strings; sourceTree = "<group>"; };
		9FF7138B18572E2F0018AF2D /* main.m */ = {isa = PBXFileReference; lastKnownFileType = sourcecode.c.objc; path = main.m; sourceTree = "<group>"; };
		9FF7138D18572E2F0018AF2D /* Caelum-Prefix.pch */ = {isa = PBXFileReference; lastKnownFileType = sourcecode.c.h; path = "Caelum-Prefix.pch"; sourceTree = "<group>"; };
		9FF7138E18572E2F0018AF2D /* AppDelegate.h */ = {isa = PBXFileReference; lastKnownFileType = sourcecode.c.h; path = AppDelegate.h; sourceTree = "<group>"; };
		9FF7138F18572E2F0018AF2D /* AppDelegate.m */ = {isa = PBXFileReference; lastKnownFileType = sourcecode.c.objc; path = AppDelegate.m; sourceTree = "<group>"; };
		9FF7139118572E2F0018AF2D /* Default.png */ = {isa = PBXFileReference; lastKnownFileType = image.png; path = Default.png; sourceTree = "<group>"; };
		9FF7139318572E2F0018AF2D /* Default@2x.png */ = {isa = PBXFileReference; lastKnownFileType = image.png; path = "Default@2x.png"; sourceTree = "<group>"; };
		9FF7139518572E2F0018AF2D /* Default-568h@2x.png */ = {isa = PBXFileReference; lastKnownFileType = image.png; path = "Default-568h@2x.png"; sourceTree = "<group>"; };
		9FF7139C185734AF0018AF2D /* FormularioContatoViewController.h */ = {isa = PBXFileReference; fileEncoding = 4; lastKnownFileType = sourcecode.c.h; path = FormularioContatoViewController.h; sourceTree = "<group>"; };
		9FF7139D185734AF0018AF2D /* FormularioContatoViewController.m */ = {isa = PBXFileReference; fileEncoding = 4; lastKnownFileType = sourcecode.c.objc; path = FormularioContatoViewController.m; sourceTree = "<group>"; };
		9FF7139E185734AF0018AF2D /* FormularioContatoViewController.xib */ = {isa = PBXFileReference; fileEncoding = 4; lastKnownFileType = file.xib; path = FormularioContatoViewController.xib; sourceTree = "<group>"; };
/* End PBXFileReference section */

/* Begin PBXFrameworksBuildPhase section */
		9FF7137918572E2F0018AF2D /* Frameworks */ = {
			isa = PBXFrameworksBuildPhase;
			buildActionMask = 2147483647;
			files = (
				9FE8B216185A1F3000322252 /* MapKit.framework in Frameworks */,
				9FE8B20F1859F16B00322252 /* MessageUI.framework in Frameworks */,
				9FF7138018572E2F0018AF2D /* UIKit.framework in Frameworks */,
				9FF7138218572E2F0018AF2D /* Foundation.framework in Frameworks */,
				9FF7138418572E2F0018AF2D /* CoreGraphics.framework in Frameworks */,
			);
			runOnlyForDeploymentPostprocessing = 0;
		};
/* End PBXFrameworksBuildPhase section */

/* Begin PBXGroup section */
		9F9EF821185A25060055B850 /* Images */ = {
			isa = PBXGroup;
			children = (
				9F9EF827185A28A00055B850 /* apple-touch-icon-57x57-precomposed.png */,
				9F9EF825185A28830055B850 /* apple-touch-icon-57x57-precomposed.png */,
				9F9EF819185A24F30055B850 /* Vila Mariana.gpx */,
				9F9EF817185A24F30055B850 /* mapa-contatos.png */,
				9F9EF818185A24F30055B850 /* mapa-contatos@2x.png */,
				9F9EF815185A24F20055B850 /* lista-contatos.png */,
				9F9EF816185A24F20055B850 /* lista-contatos@2x.png */,
				9FF7139118572E2F0018AF2D /* Default.png */,
				9FF7139318572E2F0018AF2D /* Default@2x.png */,
				9F9EF813185A24F20055B850 /* gps.png */,
				9F9EF814185A24F20055B850 /* gps@2x.png */,
			);
			name = Images;
			sourceTree = "<group>";
		};
		9FF7137318572E2F0018AF2D = {
			isa = PBXGroup;
			children = (
				9FF7138518572E2F0018AF2D /* Caelum */,
				9FF7137E18572E2F0018AF2D /* Frameworks */,
				9FF7137D18572E2F0018AF2D /* Products */,
			);
			sourceTree = "<group>";
		};
		9FF7137D18572E2F0018AF2D /* Products */ = {
			isa = PBXGroup;
			children = (
				9FF7137C18572E2F0018AF2D /* Caelum.app */,
			);
			name = Products;
			sourceTree = "<group>";
		};
		9FF7137E18572E2F0018AF2D /* Frameworks */ = {
			isa = PBXGroup;
			children = (
				9FE8B215185A1F3000322252 /* MapKit.framework */,
				9FE8B20E1859F16B00322252 /* MessageUI.framework */,
				9FF7137F18572E2F0018AF2D /* UIKit.framework */,
				9FF7138118572E2F0018AF2D /* Foundation.framework */,
				9FF7138318572E2F0018AF2D /* CoreGraphics.framework */,
			);
			name = Frameworks;
			sourceTree = "<group>";
		};
		9FF7138518572E2F0018AF2D /* Caelum */ = {
			isa = PBXGroup;
			children = (
				9F9EF821185A25060055B850 /* Images */,
				9FF7138E18572E2F0018AF2D /* AppDelegate.h */,
				9FF7138F18572E2F0018AF2D /* AppDelegate.m */,
				9F106EDE1857814E009BD48F /* ListaContatosViewController.h */,
				9F106EDF1857814E009BD48F /* ListaContatosViewController.m */,
				9FF7139C185734AF0018AF2D /* FormularioContatoViewController.h */,
				9FF7139D185734AF0018AF2D /* FormularioContatoViewController.m */,
				9FE8B210185A1DC600322252 /* ContatosMapaViewController.h */,
				9FE8B211185A1DC600322252 /* ContatosMapaViewController.m */,
				9FE8B212185A1DC600322252 /* ContatosMapaViewController.xib */,
				9FF7139E185734AF0018AF2D /* FormularioContatoViewController.xib */,
				9FA1C6C81858E034006391DF /* FormularioContatoViewControllerDelegate.h */,
				9F534DA818574CB300BC1D78 /* Contato.h */,
				9F534DA918574CB300BC1D78 /* Contato.m */,
				9FF7138618572E2F0018AF2D /* Supporting Files */,
			);
			path = Caelum;
			sourceTree = "<group>";
		};
		9FF7138618572E2F0018AF2D /* Supporting Files */ = {
			isa = PBXGroup;
			children = (
				9FF7138718572E2F0018AF2D /* Caelum-Info.plist */,
				9FF7138D18572E2F0018AF2D /* Caelum-Prefix.pch */,
				9FF7139518572E2F0018AF2D /* Default-568h@2x.png */,
				9FF7138818572E2F0018AF2D /* InfoPlist.strings */,
				9FF7138B18572E2F0018AF2D /* main.m */,
			);
			name = "Supporting Files";
			sourceTree = "<group>";
		};
/* End PBXGroup section */

/* Begin PBXNativeTarget section */
		9FF7137B18572E2F0018AF2D /* Caelum */ = {
			isa = PBXNativeTarget;
			buildConfigurationList = 9FF7139918572E2F0018AF2D /* Build configuration list for PBXNativeTarget "Caelum" */;
			buildPhases = (
				9FF7137818572E2F0018AF2D /* Sources */,
				9FF7137918572E2F0018AF2D /* Frameworks */,
				9FF7137A18572E2F0018AF2D /* Resources */,
			);
			buildRules = (
			);
			dependencies = (
			);
			name = Caelum;
			productName = Caelum;
			productReference = 9FF7137C18572E2F0018AF2D /* Caelum.app */;
			productType = "com.apple.product-type.application";
		};
/* End PBXNativeTarget section */

/* Begin PBXProject section */
		9FF7137418572E2F0018AF2D /* Project object */ = {
			isa = PBXProject;
			attributes = {
				LastUpgradeCheck = 0460;
				ORGANIZATIONNAME = ios3918;
			};
			buildConfigurationList = 9FF7137718572E2F0018AF2D /* Build configuration list for PBXProject "Caelum" */;
			compatibilityVersion = "Xcode 3.2";
			developmentRegion = English;
			hasScannedForEncodings = 0;
			knownRegions = (
				en,
			);
			mainGroup = 9FF7137318572E2F0018AF2D;
			productRefGroup = 9FF7137D18572E2F0018AF2D /* Products */;
			projectDirPath = "";
			projectRoot = "";
			targets = (
				9FF7137B18572E2F0018AF2D /* Caelum */,
			);
		};
/* End PBXProject section */

/* Begin PBXResourcesBuildPhase section */
		9FF7137A18572E2F0018AF2D /* Resources */ = {
			isa = PBXResourcesBuildPhase;
			buildActionMask = 2147483647;
			files = (
				9F9EF824185A260F0055B850 /* main.m in Resources */,
				9F9EF823185A260B0055B850 /* Caelum-Prefix.pch in Resources */,
				9F9EF812185A24B10055B850 /* Default@2x.png in Resources */,
				9F9EF811185A24AC0055B850 /* Default.png in Resources */,
				9FF7138A18572E2F0018AF2D /* InfoPlist.strings in Resources */,
				9FF7139618572E2F0018AF2D /* Default-568h@2x.png in Resources */,
				9F9EF81A185A24F30055B850 /* gps.png in Resources */,
				9F9EF81B185A24F30055B850 /* gps@2x.png in Resources */,
				9F9EF81C185A24F30055B850 /* lista-contatos.png in Resources */,
				9F9EF81D185A24F30055B850 /* lista-contatos@2x.png in Resources */,
				9F9EF81E185A24F30055B850 /* mapa-contatos.png in Resources */,
				9F9EF81F185A24F30055B850 /* mapa-contatos@2x.png in Resources */,
				9F9EF820185A24F30055B850 /* Vila Mariana.gpx in Resources */,
				9FF713A0185734AF0018AF2D /* FormularioContatoViewController.xib in Resources */,
				9FE8B214185A1DC600322252 /* ContatosMapaViewController.xib in Resources */,
				9F9EF826185A28830055B850 /* apple-touch-icon-57x57-precomposed.png in Resources */,
			);
			runOnlyForDeploymentPostprocessing = 0;
		};
/* End PBXResourcesBuildPhase section */

/* Begin PBXSourcesBuildPhase section */
		9FF7137818572E2F0018AF2D /* Sources */ = {
			isa = PBXSourcesBuildPhase;
			buildActionMask = 2147483647;
			files = (
				9FF7138C18572E2F0018AF2D /* main.m in Sources */,
				9FF7139018572E2F0018AF2D /* AppDelegate.m in Sources */,
				9FF7139F185734AF0018AF2D /* FormularioContatoViewController.m in Sources */,
				9F534DAA18574CB300BC1D78 /* Contato.m in Sources */,
				9F106EE01857814E009BD48F /* ListaContatosViewController.m in Sources */,
				9FE8B213185A1DC600322252 /* ContatosMapaViewController.m in Sources */,
			);
			runOnlyForDeploymentPostprocessing = 0;
		};
/* End PBXSourcesBuildPhase section */

/* Begin PBXVariantGroup section */
		9FF7138818572E2F0018AF2D /* InfoPlist.strings */ = {
			isa = PBXVariantGroup;
			children = (
				9FF7138918572E2F0018AF2D /* en */,
			);
			name = InfoPlist.strings;
			sourceTree = "<group>";
		};
/* End PBXVariantGroup section */

/* Begin XCBuildConfiguration section */
		9FF7139718572E2F0018AF2D /* Debug */ = {
			isa = XCBuildConfiguration;
			buildSettings = {
				ALWAYS_SEARCH_USER_PATHS = NO;
				CLANG_CXX_LANGUAGE_STANDARD = "gnu++0x";
				CLANG_CXX_LIBRARY = "libc++";
				CLANG_ENABLE_OBJC_ARC = YES;
				CLANG_WARN_CONSTANT_CONVERSION = YES;
				CLANG_WARN_EMPTY_BODY = YES;
				CLANG_WARN_ENUM_CONVERSION = YES;
				CLANG_WARN_INT_CONVERSION = YES;
				CLANG_WARN__DUPLICATE_METHOD_MATCH = YES;
				"CODE_SIGN_IDENTITY[sdk=iphoneos*]" = "iPhone Developer";
				COPY_PHASE_STRIP = NO;
				GCC_C_LANGUAGE_STANDARD = gnu99;
				GCC_DYNAMIC_NO_PIC = NO;
				GCC_OPTIMIZATION_LEVEL = 0;
				GCC_PREPROCESSOR_DEFINITIONS = (
					"DEBUG=1",
					"$(inherited)",
				);
				GCC_SYMBOLS_PRIVATE_EXTERN = NO;
				GCC_WARN_ABOUT_RETURN_TYPE = YES;
				GCC_WARN_UNINITIALIZED_AUTOS = YES;
				GCC_WARN_UNUSED_VARIABLE = YES;
				IPHONEOS_DEPLOYMENT_TARGET = 6.1;
				ONLY_ACTIVE_ARCH = YES;
				SDKROOT = iphoneos;
			};
			name = Debug;
		};
		9FF7139818572E2F0018AF2D /* Release */ = {
			isa = XCBuildConfiguration;
			buildSettings = {
				ALWAYS_SEARCH_USER_PATHS = NO;
				CLANG_CXX_LANGUAGE_STANDARD = "gnu++0x";
				CLANG_CXX_LIBRARY = "libc++";
				CLANG_ENABLE_OBJC_ARC = YES;
				CLANG_WARN_CONSTANT_CONVERSION = YES;
				CLANG_WARN_EMPTY_BODY = YES;
				CLANG_WARN_ENUM_CONVERSION = YES;
				CLANG_WARN_INT_CONVERSION = YES;
				CLANG_WARN__DUPLICATE_METHOD_MATCH = YES;
				"CODE_SIGN_IDENTITY[sdk=iphoneos*]" = "iPhone Developer";
				COPY_PHASE_STRIP = YES;
				GCC_C_LANGUAGE_STANDARD = gnu99;
				GCC_WARN_ABOUT_RETURN_TYPE = YES;
				GCC_WARN_UNINITIALIZED_AUTOS = YES;
				GCC_WARN_UNUSED_VARIABLE = YES;
				IPHONEOS_DEPLOYMENT_TARGET = 6.1;
				OTHER_CFLAGS = "-DNS_BLOCK_ASSERTIONS=1";
				SDKROOT = iphoneos;
				VALIDATE_PRODUCT = YES;
			};
			name = Release;
		};
		9FF7139A18572E2F0018AF2D /* Debug */ = {
			isa = XCBuildConfiguration;
			buildSettings = {
				GCC_PRECOMPILE_PREFIX_HEADER = YES;
				GCC_PREFIX_HEADER = "Caelum/Caelum-Prefix.pch";
				INFOPLIST_FILE = "Caelum/Caelum-Info.plist";
				PRODUCT_NAME = "$(TARGET_NAME)";
				WRAPPER_EXTENSION = app;
			};
			name = Debug;
		};
		9FF7139B18572E2F0018AF2D /* Release */ = {
			isa = XCBuildConfiguration;
			buildSettings = {
				GCC_PRECOMPILE_PREFIX_HEADER = YES;
				GCC_PREFIX_HEADER = "Caelum/Caelum-Prefix.pch";
				INFOPLIST_FILE = "Caelum/Caelum-Info.plist";
				PRODUCT_NAME = "$(TARGET_NAME)";
				WRAPPER_EXTENSION = app;
			};
			name = Release;
		};
/* End XCBuildConfiguration section */

/* Begin XCConfigurationList section */
		9FF7137718572E2F0018AF2D /* Build configuration list for PBXProject "Caelum" */ = {
			isa = XCConfigurationList;
			buildConfigurations = (
				9FF7139718572E2F0018AF2D /* Debug */,
				9FF7139818572E2F0018AF2D /* Release */,
			);
			defaultConfigurationIsVisible = 0;
			defaultConfigurationName = Release;
		};
		9FF7139918572E2F0018AF2D /* Build configuration list for PBXNativeTarget "Caelum" */ = {
			isa = XCConfigurationList;
			buildConfigurations = (
				9FF7139A18572E2F0018AF2D /* Debug */,
				9FF7139B18572E2F0018AF2D /* Release */,
			);
			defaultConfigurationIsVisible = 0;
			defaultConfigurationName = Release;
		};
/* End XCConfigurationList section */
	};
	rootObject = 9FF7137418572E2F0018AF2D /* Project object */;
}
